
Microsoft Visual Studio Solution File, Format Version 12.00
# Visual Studio 14
VisualStudioVersion = 14.0.25420.1
MinimumVisualStudioVersion = 10.0.40219.1
Project("{2150E333-8FDC-42A3-9474-1A3956D46DE8}") = "src", "src", "{1AC54887-FA09-4012-801F-96BD50D36EE4}"
EndProject
Project("{2150E333-8FDC-42A3-9474-1A3956D46DE8}") = "Solution Items", "Solution Items", "{A2C423A4-CCB5-4A42-AF69-9F133E30EBDB}"
	ProjectSection(SolutionItems) = preProject
		global.json = global.json
	EndProjectSection
EndProject
Project("{8BB2217D-0F2D-49D1-97BC-3654ED321F3B}") = "BPT", "src\BPT\BPT.xproj", "{5C285D4D-C554-47E6-B43C-173F900E89AA}"
EndProject
Global
	GlobalSection(SolutionConfigurationPlatforms) = preSolution
		Debug|Any CPU = Debug|Any CPU
		Release|Any CPU = Release|Any CPU
	EndGlobalSection
	GlobalSection(ProjectConfigurationPlatforms) = postSolution
		{5C285D4D-C554-47E6-B43C-173F900E89AA}.Debug|Any CPU.ActiveCfg = Debug|Any CPU
		{5C285D4D-C554-47E6-B43C-173F900E89AA}.Debug|Any CPU.Build.0 = Debug|Any CPU
		{5C285D4D-C554-47E6-B43C-173F900E89AA}.Release|Any CPU.ActiveCfg = Release|Any CPU
		{5C285D4D-C554-47E6-B43C-173F900E89AA}.Release|Any CPU.Build.0 = Release|Any CPU
	EndGlobalSection
	GlobalSection(SolutionProperties) = preSolution
		HideSolutionNode = FALSE
	EndGlobalSection
	GlobalSection(NestedProjects) = preSolution
		{5C285D4D-C554-47E6-B43C-173F900E89AA} = {1AC54887-FA09-4012-801F-96BD50D36EE4}
	EndGlobalSection
EndGlobal
